
Microsoft Visual Studio Solution File, Format Version 12.00
# Visual Studio 15
VisualStudioVersion = 15.0.28307.329
MinimumVisualStudioVersion = 10.0.40219.1
Project("{FAE04EC0-301F-11D3-BF4B-00C04F79EFBC}") = "HelloWorld", "HelloWorld\HelloWorld.csproj", "{DE3A45A4-EF1F-4BBF-8C80-74FCE9439A13}"
EndProject
Global
	GlobalSection(SolutionConfigurationPlatforms) = preSolution
		Debug|Any CPU = Debug|Any CPU
		Release|Any CPU = Release|Any CPU
	EndGlobalSection
	GlobalSection(ProjectConfigurationPlatforms) = postSolution
		{DE3A45A4-EF1F-4BBF-8C80-74FCE9439A13}.Debug|Any CPU.ActiveCfg = Debug|Any CPU
		{DE3A45A4-EF1F-4BBF-8C80-74FCE9439A13}.Debug|Any CPU.Build.0 = Debug|Any CPU
		{DE3A45A4-EF1F-4BBF-8C80-74FCE9439A13}.Release|Any CPU.ActiveCfg = Release|Any CPU
		{DE3A45A4-EF1F-4BBF-8C80-74FCE9439A13}.Release|Any CPU.Build.0 = Release|Any CPU
	EndGlobalSection
	GlobalSection(SolutionProperties) = preSolution
		HideSolutionNode = FALSE
	EndGlobalSection
	GlobalSection(ExtensibilityGlobals) = postSolution
		SolutionGuid = {80DAE7A6-1E7E-40B3-9BF3-C0DEB626684B}
	EndGlobalSection
EndGlobal
